# This file is autogenerated, do not edit; changes may be undone by the next 'dep ensure'.


[[projects]]
  branch = "master"
  name = "github.com/zeebo/bencode"
  packages = ["."]
  revision = "3bb23f1b43850b7c54841ecfb478b66e5aa01b2d"

[solve-meta]
  analyzer-name = "dep"
  analyzer-version = 1
  inputs-digest = "10b2b4b96cd77f34114e3bc45caa233d58fef630fb3465cfa553c5ba1b2f4185"
  solver-name = "gps-cdcl"
  solver-version = 1
